{
  "version": 4,
  "terraform_version": "1.9.8",
  "serial": 12,
  "lineage": "f047fdec-d0fa-3e99-3c12-c44126c0c48b",
  "outputs": {},
  "resources": [
    {
      "mode": "data",
      "type": "vault_generic_secret",
      "name": "gcp",
      "provider": "provider[\"registry.terraform.io/hashicorp/vault\"]",
      "instances": [
        {
          "schema_version": 0,
          "attributes": {
            "data": {
              "project_id": "210607335307",
              "ssh_user": "alonabraha:ssh-rsa AAAAB3NzaC1yc2EAAAADAQABAAABAQCIoHQCNGUi7txDnM6TODlRklZ/yVNsxVh0hkfiDDObRw3FRLM6POXdA518M1GD4NfydXE6QnzWNpklnUYB8kk54qevb8pclDCtv5V2zL7UW9KL0PlHNYRR7wTArSKlGCrcM90OKqZlQlfh7OikZj/3y8K8tcDHMdMJbwTmaMQH2eMxK/4AuDwAr0GJNl3DxdqqEtlW4C5U9amSuj4UODSkh9J8W/QGz2/3M8ZbtQDT9fu4nJ1U3qCPq1ymqMxgbOqI0XZYTs1LFIKzWGEnHwdA1ChvqKezjcOLSNj9/w5rPmp7GNie4ShAUf0DOx9OhUhKTWwIey1VQG6BUPIzKVwk alonabraha"
            },
            "data_json": "{\"project_id\":\"210607335307\",\"ssh_user\":\"alonabraha:ssh-rsa AAAAB3NzaC1yc2EAAAADAQABAAABAQCIoHQCNGUi7txDnM6TODlRklZ/yVNsxVh0hkfiDDObRw3FRLM6POXdA518M1GD4NfydXE6QnzWNpklnUYB8kk54qevb8pclDCtv5V2zL7UW9KL0PlHNYRR7wTArSKlGCrcM90OKqZlQlfh7OikZj/3y8K8tcDHMdMJbwTmaMQH2eMxK/4AuDwAr0GJNl3DxdqqEtlW4C5U9amSuj4UODSkh9J8W/QGz2/3M8ZbtQDT9fu4nJ1U3qCPq1ymqMxgbOqI0XZYTs1LFIKzWGEnHwdA1ChvqKezjcOLSNj9/w5rPmp7GNie4ShAUf0DOx9OhUhKTWwIey1VQG6BUPIzKVwk alonabraha\"}",
            "id": "terraform/data/gcp",
            "lease_duration": 2764800,
            "lease_id": "",
            "lease_renewable": false,
            "lease_start_time": "2024-11-25T10:03:57Z",
            "namespace": null,
            "path": "terraform/data/gcp",
            "version": -1,
            "with_lease_start_time": true
          },
          "sensitive_attributes": [
            [
              {
                "type": "get_attr",
                "value": "data"
              }
            ],
            [
              {
                "type": "get_attr",
                "value": "data_json"
              }
            ]
          ]
        }
      ]
    },
    {
      "module": "module.linux_vm_gcp_module",
      "mode": "managed",
      "type": "google_compute_instance",
      "name": "vm_instance",
      "provider": "provider[\"registry.terraform.io/hashicorp/google\"]",
      "instances": [
        {
          "schema_version": 6,
          "attributes": {
            "advanced_machine_features": [],
            "allow_stopping_for_update": null,
            "attached_disk": [],
            "boot_disk": [
              {
                "auto_delete": true,
                "device_name": "persistent-disk-0",
                "disk_encryption_key_raw": "",
                "disk_encryption_key_sha256": "",
                "initialize_params": [
                  {
                    "enable_confidential_compute": false,
                    "image": "https://www.googleapis.com/compute/v1/projects/ubuntu-os-cloud/global/images/ubuntu-2004-focal-v20241016",
                    "labels": {},
                    "provisioned_iops": 0,
                    "provisioned_throughput": 0,
                    "resource_manager_tags": null,
                    "resource_policies": [],
                    "size": 10,
                    "storage_pool": "",
                    "type": "pd-standard"
                  }
                ],
                "interface": "",
                "kms_key_self_link": "",
                "mode": "READ_WRITE",
                "source": "https://www.googleapis.com/compute/v1/projects/arcane-splicer-441608-c1/zones/us-central1-b/disks/new-vm"
              }
            ],
            "can_ip_forward": false,
            "confidential_instance_config": [],
            "cpu_platform": "Intel Haswell",
            "current_status": "RUNNING",
            "deletion_protection": false,
            "description": "",
            "desired_status": null,
            "effective_labels": {
              "goog-terraform-provisioned": "true"
            },
            "enable_display": false,
            "guest_accelerator": [],
            "hostname": "",
            "id": "projects/210607335307/zones/us-central1-b/instances/new-vm",
            "instance_id": "2291550400553809227",
            "label_fingerprint": "vezUS-42LLM=",
            "labels": null,
            "machine_type": "f1-micro",
            "metadata": {
              "ssh-keys": "alonabraha:ssh-rsa AAAAB3NzaC1yc2EAAAADAQABAAABAQCIoHQCNGUi7txDnM6TODlRklZ/yVNsxVh0hkfiDDObRw3FRLM6POXdA518M1GD4NfydXE6QnzWNpklnUYB8kk54qevb8pclDCtv5V2zL7UW9KL0PlHNYRR7wTArSKlGCrcM90OKqZlQlfh7OikZj/3y8K8tcDHMdMJbwTmaMQH2eMxK/4AuDwAr0GJNl3DxdqqEtlW4C5U9amSuj4UODSkh9J8W/QGz2/3M8ZbtQDT9fu4nJ1U3qCPq1ymqMxgbOqI0XZYTs1LFIKzWGEnHwdA1ChvqKezjcOLSNj9/w5rPmp7GNie4ShAUf0DOx9OhUhKTWwIey1VQG6BUPIzKVwk alonabraha"
            },
            "metadata_fingerprint": "CGK8_pd6r6Y=",
            "metadata_startup_script": null,
            "min_cpu_platform": "",
            "name": "new-vm",
            "network_interface": [
              {
                "access_config": [
                  {
                    "nat_ip": "34.29.138.36",
                    "network_tier": "PREMIUM",
                    "public_ptr_domain_name": ""
                  }
                ],
                "alias_ip_range": [],
                "internal_ipv6_prefix_length": 0,
                "ipv6_access_config": [],
                "ipv6_access_type": "",
                "ipv6_address": "",
                "name": "nic0",
                "network": "https://www.googleapis.com/compute/v1/projects/arcane-splicer-441608-c1/global/networks/default",
                "network_ip": "10.128.0.4",
                "nic_type": "",
                "queue_count": 0,
                "stack_type": "IPV4_ONLY",
                "subnetwork": "https://www.googleapis.com/compute/v1/projects/arcane-splicer-441608-c1/regions/us-central1/subnetworks/default",
                "subnetwork_project": "arcane-splicer-441608-c1"
              }
            ],
            "network_performance_config": [],
            "params": [],
            "project": "210607335307",
            "reservation_affinity": [],
            "resource_policies": null,
            "scheduling": [
              {
                "automatic_restart": true,
                "instance_termination_action": "",
                "local_ssd_recovery_timeout": [],
                "max_run_duration": [],
                "min_node_cpus": 0,
                "node_affinities": [],
                "on_host_maintenance": "MIGRATE",
                "on_instance_stop_action": [],
                "preemptible": false,
                "provisioning_model": "STANDARD"
              }
            ],
            "scratch_disk": [],
            "self_link": "https://www.googleapis.com/compute/v1/projects/arcane-splicer-441608-c1/zones/us-central1-b/instances/new-vm",
            "service_account": [],
            "shielded_instance_config": [
              {
                "enable_integrity_monitoring": true,
                "enable_secure_boot": false,
                "enable_vtpm": true
              }
            ],
            "tags": [
              "http-server",
              "https-server"
            ],
            "tags_fingerprint": "6smc4R4d39I=",
            "terraform_labels": {
              "goog-terraform-provisioned": "true"
            },
            "timeouts": null,
            "zone": "us-central1-b"
          },
          "sensitive_attributes": [
            [
              {
                "type": "get_attr",
                "value": "boot_disk"
              },
              {
                "type": "index",
                "value": {
                  "value": 0,
                  "type": "number"
                }
              },
              {
                "type": "get_attr",
                "value": "disk_encryption_key_raw"
              }
            ],
            [
              {
                "type": "get_attr",
                "value": "metadata"
              },
              {
                "type": "index",
                "value": {
                  "value": "ssh-keys",
                  "type": "string"
                }
              }
            ]
          ],
          "private": "eyJlMmJmYjczMC1lY2FhLTExZTYtOGY4OC0zNDM2M2JjN2M0YzAiOnsiY3JlYXRlIjoxMjAwMDAwMDAwMDAwLCJkZWxldGUiOjEyMDAwMDAwMDAwMDAsInVwZGF0ZSI6MTIwMDAwMDAwMDAwMH0sInNjaGVtYV92ZXJzaW9uIjoiNiJ9",
          "dependencies": [
            "data.vault_generic_secret.gcp"
          ]
        }
      ]
    }
  ],
  "check_results": null
}
